
Microsoft Visual Studio Solution File, Format Version 12.00
# Visual Studio Version 17
VisualStudioVersion = 17.7.34031.279
MinimumVisualStudioVersion = 10.0.40219.1
Project("{FAE04EC0-301F-11D3-BF4B-00C04F79EFBC}") = "LinkShorteningSite", "LinkShorteningSite\LinkShorteningSite.csproj", "{195C956A-E66C-40B2-9EB2-3BCCD3A563E2}"
EndProject
Project("{FAE04EC0-301F-11D3-BF4B-00C04F79EFBC}") = "LinkShorteningSite.Data", "LinkShorteningSite.Data\LinkShorteningSite.Data.csproj", "{4B82408C-AFF0-423B-BA1B-C6A707DEEEE3}"
EndProject
Project("{2150E333-8FDC-42A3-9474-1A3956D46DE8}") = "Data", "Data", "{F5F42FDF-4159-4131-AD0B-91518B430495}"
EndProject
Project("{FAE04EC0-301F-11D3-BF4B-00C04F79EFBC}") = "LinkShorteningSite.CQRS", "LinkShorteningSite.CQRS\LinkShorteningSite.CQRS.csproj", "{0F4A1548-4612-432D-AF36-D84EA07365AB}"
EndProject
Project("{FAE04EC0-301F-11D3-BF4B-00C04F79EFBC}") = "LinkShorteningSite.Core", "LinkShorteningSite.Core\LinkShorteningSite.Core.csproj", "{5B2B7D51-EFFA-4299-A031-A5B2C5804FCA}"
EndProject
Project("{FAE04EC0-301F-11D3-BF4B-00C04F79EFBC}") = "LinkShorteningSite.Domain", "LinkShorteningSite.Domain\LinkShorteningSite.Domain.csproj", "{3396B753-5CDE-458C-BBEC-00A364DB1D73}"
EndProject
Global
	GlobalSection(SolutionConfigurationPlatforms) = preSolution
		Debug|Any CPU = Debug|Any CPU
		Release|Any CPU = Release|Any CPU
	EndGlobalSection
	GlobalSection(ProjectConfigurationPlatforms) = postSolution
		{195C956A-E66C-40B2-9EB2-3BCCD3A563E2}.Debug|Any CPU.ActiveCfg = Debug|Any CPU
		{195C956A-E66C-40B2-9EB2-3BCCD3A563E2}.Debug|Any CPU.Build.0 = Debug|Any CPU
		{195C956A-E66C-40B2-9EB2-3BCCD3A563E2}.Release|Any CPU.ActiveCfg = Release|Any CPU
		{195C956A-E66C-40B2-9EB2-3BCCD3A563E2}.Release|Any CPU.Build.0 = Release|Any CPU
		{4B82408C-AFF0-423B-BA1B-C6A707DEEEE3}.Debug|Any CPU.ActiveCfg = Debug|Any CPU
		{4B82408C-AFF0-423B-BA1B-C6A707DEEEE3}.Debug|Any CPU.Build.0 = Debug|Any CPU
		{4B82408C-AFF0-423B-BA1B-C6A707DEEEE3}.Release|Any CPU.ActiveCfg = Release|Any CPU
		{4B82408C-AFF0-423B-BA1B-C6A707DEEEE3}.Release|Any CPU.Build.0 = Release|Any CPU
		{0F4A1548-4612-432D-AF36-D84EA07365AB}.Debug|Any CPU.ActiveCfg = Debug|Any CPU
		{0F4A1548-4612-432D-AF36-D84EA07365AB}.Debug|Any CPU.Build.0 = Debug|Any CPU
		{0F4A1548-4612-432D-AF36-D84EA07365AB}.Release|Any CPU.ActiveCfg = Release|Any CPU
		{0F4A1548-4612-432D-AF36-D84EA07365AB}.Release|Any CPU.Build.0 = Release|Any CPU
		{5B2B7D51-EFFA-4299-A031-A5B2C5804FCA}.Debug|Any CPU.ActiveCfg = Debug|Any CPU
		{5B2B7D51-EFFA-4299-A031-A5B2C5804FCA}.Debug|Any CPU.Build.0 = Debug|Any CPU
		{5B2B7D51-EFFA-4299-A031-A5B2C5804FCA}.Release|Any CPU.ActiveCfg = Release|Any CPU
		{5B2B7D51-EFFA-4299-A031-A5B2C5804FCA}.Release|Any CPU.Build.0 = Release|Any CPU
		{3396B753-5CDE-458C-BBEC-00A364DB1D73}.Debug|Any CPU.ActiveCfg = Debug|Any CPU
		{3396B753-5CDE-458C-BBEC-00A364DB1D73}.Debug|Any CPU.Build.0 = Debug|Any CPU
		{3396B753-5CDE-458C-BBEC-00A364DB1D73}.Release|Any CPU.ActiveCfg = Release|Any CPU
		{3396B753-5CDE-458C-BBEC-00A364DB1D73}.Release|Any CPU.Build.0 = Release|Any CPU
	EndGlobalSection
	GlobalSection(SolutionProperties) = preSolution
		HideSolutionNode = FALSE
	EndGlobalSection
	GlobalSection(NestedProjects) = preSolution
		{4B82408C-AFF0-423B-BA1B-C6A707DEEEE3} = {F5F42FDF-4159-4131-AD0B-91518B430495}
		{0F4A1548-4612-432D-AF36-D84EA07365AB} = {F5F42FDF-4159-4131-AD0B-91518B430495}
	EndGlobalSection
	GlobalSection(ExtensibilityGlobals) = postSolution
		SolutionGuid = {1E04EC8D-56A2-42DC-A8A1-606E7A91B6A1}
	EndGlobalSection
EndGlobal
